
Microsoft Visual Studio Solution File, Format Version 12.00
# Visual Studio Version 16
VisualStudioVersion = 16.0.29001.49
MinimumVisualStudioVersion = 10.0.40219.1
Project("{FAE04EC0-301F-11D3-BF4B-00C04F79EFBC}") = "ConsoleShared", "Shared\ConsoleShared\ConsoleShared.csproj", "{E5E6A867-53A0-4012-B116-CFED94AF03C0}"
EndProject
Project("{FAE04EC0-301F-11D3-BF4B-00C04F79EFBC}") = "ConsoleSharedCommands", "Shared\ConsoleSharedCommands\ConsoleSharedCommands.csproj", "{C11E81C1-728E-4720-B92F-2641271EBACB}"
EndProject
Project("{FAE04EC0-301F-11D3-BF4B-00C04F79EFBC}") = "ConsoleView", "Shared\ConsoleView\ConsoleView.csproj", "{8D0DD4F8-A9BB-4F45-B3C7-A479A8C1D89C}"
EndProject
Project("{FAE04EC0-301F-11D3-BF4B-00C04F79EFBC}") = "ExampleMessage", "Shared\ExampleMessage\ExampleMessage.csproj", "{2E86834F-8594-4C58-8285-118C48F33B25}"
EndProject
Project("{FAE04EC0-301F-11D3-BF4B-00C04F79EFBC}") = "RedisConsumer", "Redis\Consumer\RedisConsumer\RedisConsumer.csproj", "{4D1B7252-B745-4EA2-9682-A87C14A865B0}"
EndProject
Project("{FAE04EC0-301F-11D3-BF4B-00C04F79EFBC}") = "RedisConsumerAsync", "Redis\Consumer\RedisConsumerAsync\RedisConsumerAsync.csproj", "{62E82895-5360-4347-A45E-00BFA4F0CD4E}"
EndProject
Project("{FAE04EC0-301F-11D3-BF4B-00C04F79EFBC}") = "RedisProducer", "Redis\Producer\RedisProducer\RedisProducer.csproj", "{54C2C5D2-5775-4767-98D5-9278F3F44F47}"
EndProject
Project("{FAE04EC0-301F-11D3-BF4B-00C04F79EFBC}") = "SqlServerConsumer", "SQLServer\Consumer\SqlServerConsumer\SqlServerConsumer.csproj", "{44782F47-6A13-4B8A-A453-E49A306E6C38}"
EndProject
Project("{FAE04EC0-301F-11D3-BF4B-00C04F79EFBC}") = "SqlServerConsumerAsync", "SQLServer\Consumer\SqlServerConsumerAsync\SqlServerConsumerAsync.csproj", "{7CC3CE5D-9B8F-4B7E-9234-93625A66E103}"
EndProject
Project("{FAE04EC0-301F-11D3-BF4B-00C04F79EFBC}") = "SqlServerProducer", "SQLServer\Producer\SqlServerProducer\SqlServerProducer.csproj", "{E73E5A71-4FD1-43EB-BA31-FA655E555B00}"
EndProject
Project("{FAE04EC0-301F-11D3-BF4B-00C04F79EFBC}") = "ShellControlV2", "Shared\ShellControlV2\ShellControlV2.csproj", "{2205C337-D5E2-4E4C-9C17-48144291727C}"
EndProject
Project("{FAE04EC0-301F-11D3-BF4B-00C04F79EFBC}") = "SQLiteProducer", "SQLite\Producer\SQLiteProducer\SQLiteProducer.csproj", "{21B9123E-0964-40D4-88C0-10D98EF14361}"
EndProject
Project("{FAE04EC0-301F-11D3-BF4B-00C04F79EFBC}") = "SQLiteConsumer", "SQLite\Consumer\SQLiteConsumer\SQLiteConsumer.csproj", "{CF491A40-D818-4603-ACA7-0D63AD8EF279}"
EndProject
Project("{FAE04EC0-301F-11D3-BF4B-00C04F79EFBC}") = "SQLiteConsumerAsync", "SQLite\Consumer\SQLiteConsumerAsync\SQLiteConsumerAsync.csproj", "{B3ABB798-4A25-4868-9F78-D18537AEA3D8}"
EndProject
Project("{FAE04EC0-301F-11D3-BF4B-00C04F79EFBC}") = "PostGreSQLProducer", "PostGresSQL\Producer\PostGresSQLProducer\PostGreSQLProducer.csproj", "{89826792-A512-4BB3-81BD-055A083D6C5B}"
EndProject
Project("{FAE04EC0-301F-11D3-BF4B-00C04F79EFBC}") = "PostGreSQLConsumer", "PostGresSQL\Consumer\PostGresSQLConsumer\PostGreSQLConsumer.csproj", "{742E4DF5-6463-4E18-953D-89A47005900F}"
EndProject
Project("{FAE04EC0-301F-11D3-BF4B-00C04F79EFBC}") = "PostGreSQLConsumerAsync", "PostGresSQL\Consumer\PostGreSQLConsumerAsync\PostGreSQLConsumerAsync.csproj", "{69073AA5-9B2D-4B46-9478-9BFD7FB9F7FF}"
EndProject
Project("{FAE04EC0-301F-11D3-BF4B-00C04F79EFBC}") = "LiteDbProducer", "LiteDb\Producer\LiteDbProducer\LiteDbProducer.csproj", "{3C317D22-1893-4AA5-B825-098968147D47}"
EndProject
Project("{FAE04EC0-301F-11D3-BF4B-00C04F79EFBC}") = "LiteDbConsumer", "LiteDb\Consumer\LiteDbConsumer\LiteDbConsumer.csproj", "{20172529-A6B7-4A27-AB03-ADA7AB9A5F32}"
EndProject
Project("{FAE04EC0-301F-11D3-BF4B-00C04F79EFBC}") = "LiteDbConsumerAsync", "LiteDb\Consumer\LiteDbConsumerAsync\LiteDbConsumerAsync.csproj", "{0ECAC960-B1B1-4E8A-B31E-858B05157519}"
EndProject
Global
	GlobalSection(SolutionConfigurationPlatforms) = preSolution
		Debug|Any CPU = Debug|Any CPU
		Release|Any CPU = Release|Any CPU
	EndGlobalSection
	GlobalSection(ProjectConfigurationPlatforms) = postSolution
		{E5E6A867-53A0-4012-B116-CFED94AF03C0}.Debug|Any CPU.ActiveCfg = Debug|Any CPU
		{E5E6A867-53A0-4012-B116-CFED94AF03C0}.Debug|Any CPU.Build.0 = Debug|Any CPU
		{E5E6A867-53A0-4012-B116-CFED94AF03C0}.Release|Any CPU.ActiveCfg = Release|Any CPU
		{E5E6A867-53A0-4012-B116-CFED94AF03C0}.Release|Any CPU.Build.0 = Release|Any CPU
		{C11E81C1-728E-4720-B92F-2641271EBACB}.Debug|Any CPU.ActiveCfg = Debug|Any CPU
		{C11E81C1-728E-4720-B92F-2641271EBACB}.Debug|Any CPU.Build.0 = Debug|Any CPU
		{C11E81C1-728E-4720-B92F-2641271EBACB}.Release|Any CPU.ActiveCfg = Release|Any CPU
		{C11E81C1-728E-4720-B92F-2641271EBACB}.Release|Any CPU.Build.0 = Release|Any CPU
		{8D0DD4F8-A9BB-4F45-B3C7-A479A8C1D89C}.Debug|Any CPU.ActiveCfg = Debug|Any CPU
		{8D0DD4F8-A9BB-4F45-B3C7-A479A8C1D89C}.Debug|Any CPU.Build.0 = Debug|Any CPU
		{8D0DD4F8-A9BB-4F45-B3C7-A479A8C1D89C}.Release|Any CPU.ActiveCfg = Release|Any CPU
		{8D0DD4F8-A9BB-4F45-B3C7-A479A8C1D89C}.Release|Any CPU.Build.0 = Release|Any CPU
		{2E86834F-8594-4C58-8285-118C48F33B25}.Debug|Any CPU.ActiveCfg = Debug|Any CPU
		{2E86834F-8594-4C58-8285-118C48F33B25}.Debug|Any CPU.Build.0 = Debug|Any CPU
		{2E86834F-8594-4C58-8285-118C48F33B25}.Release|Any CPU.ActiveCfg = Release|Any CPU
		{2E86834F-8594-4C58-8285-118C48F33B25}.Release|Any CPU.Build.0 = Release|Any CPU
		{4D1B7252-B745-4EA2-9682-A87C14A865B0}.Debug|Any CPU.ActiveCfg = Debug|Any CPU
		{4D1B7252-B745-4EA2-9682-A87C14A865B0}.Debug|Any CPU.Build.0 = Debug|Any CPU
		{4D1B7252-B745-4EA2-9682-A87C14A865B0}.Release|Any CPU.ActiveCfg = Release|Any CPU
		{4D1B7252-B745-4EA2-9682-A87C14A865B0}.Release|Any CPU.Build.0 = Release|Any CPU
		{62E82895-5360-4347-A45E-00BFA4F0CD4E}.Debug|Any CPU.ActiveCfg = Debug|Any CPU
		{62E82895-5360-4347-A45E-00BFA4F0CD4E}.Debug|Any CPU.Build.0 = Debug|Any CPU
		{62E82895-5360-4347-A45E-00BFA4F0CD4E}.Release|Any CPU.ActiveCfg = Release|Any CPU
		{62E82895-5360-4347-A45E-00BFA4F0CD4E}.Release|Any CPU.Build.0 = Release|Any CPU
		{54C2C5D2-5775-4767-98D5-9278F3F44F47}.Debug|Any CPU.ActiveCfg = Debug|Any CPU
		{54C2C5D2-5775-4767-98D5-9278F3F44F47}.Debug|Any CPU.Build.0 = Debug|Any CPU
		{54C2C5D2-5775-4767-98D5-9278F3F44F47}.Release|Any CPU.ActiveCfg = Release|Any CPU
		{54C2C5D2-5775-4767-98D5-9278F3F44F47}.Release|Any CPU.Build.0 = Release|Any CPU
		{44782F47-6A13-4B8A-A453-E49A306E6C38}.Debug|Any CPU.ActiveCfg = Debug|Any CPU
		{44782F47-6A13-4B8A-A453-E49A306E6C38}.Debug|Any CPU.Build.0 = Debug|Any CPU
		{44782F47-6A13-4B8A-A453-E49A306E6C38}.Release|Any CPU.ActiveCfg = Release|Any CPU
		{44782F47-6A13-4B8A-A453-E49A306E6C38}.Release|Any CPU.Build.0 = Release|Any CPU
		{7CC3CE5D-9B8F-4B7E-9234-93625A66E103}.Debug|Any CPU.ActiveCfg = Debug|Any CPU
		{7CC3CE5D-9B8F-4B7E-9234-93625A66E103}.Debug|Any CPU.Build.0 = Debug|Any CPU
		{7CC3CE5D-9B8F-4B7E-9234-93625A66E103}.Release|Any CPU.ActiveCfg = Release|Any CPU
		{7CC3CE5D-9B8F-4B7E-9234-93625A66E103}.Release|Any CPU.Build.0 = Release|Any CPU
		{E73E5A71-4FD1-43EB-BA31-FA655E555B00}.Debug|Any CPU.ActiveCfg = Debug|Any CPU
		{E73E5A71-4FD1-43EB-BA31-FA655E555B00}.Debug|Any CPU.Build.0 = Debug|Any CPU
		{E73E5A71-4FD1-43EB-BA31-FA655E555B00}.Release|Any CPU.ActiveCfg = Release|Any CPU
		{E73E5A71-4FD1-43EB-BA31-FA655E555B00}.Release|Any CPU.Build.0 = Release|Any CPU
		{2205C337-D5E2-4E4C-9C17-48144291727C}.Debug|Any CPU.ActiveCfg = Debug|Any CPU
		{2205C337-D5E2-4E4C-9C17-48144291727C}.Debug|Any CPU.Build.0 = Debug|Any CPU
		{2205C337-D5E2-4E4C-9C17-48144291727C}.Release|Any CPU.ActiveCfg = Release|Any CPU
		{2205C337-D5E2-4E4C-9C17-48144291727C}.Release|Any CPU.Build.0 = Release|Any CPU
		{21B9123E-0964-40D4-88C0-10D98EF14361}.Debug|Any CPU.ActiveCfg = Debug|Any CPU
		{21B9123E-0964-40D4-88C0-10D98EF14361}.Debug|Any CPU.Build.0 = Debug|Any CPU
		{21B9123E-0964-40D4-88C0-10D98EF14361}.Release|Any CPU.ActiveCfg = Release|Any CPU
		{21B9123E-0964-40D4-88C0-10D98EF14361}.Release|Any CPU.Build.0 = Release|Any CPU
		{CF491A40-D818-4603-ACA7-0D63AD8EF279}.Debug|Any CPU.ActiveCfg = Debug|Any CPU
		{CF491A40-D818-4603-ACA7-0D63AD8EF279}.Debug|Any CPU.Build.0 = Debug|Any CPU
		{CF491A40-D818-4603-ACA7-0D63AD8EF279}.Release|Any CPU.ActiveCfg = Release|Any CPU
		{CF491A40-D818-4603-ACA7-0D63AD8EF279}.Release|Any CPU.Build.0 = Release|Any CPU
		{B3ABB798-4A25-4868-9F78-D18537AEA3D8}.Debug|Any CPU.ActiveCfg = Debug|Any CPU
		{B3ABB798-4A25-4868-9F78-D18537AEA3D8}.Debug|Any CPU.Build.0 = Debug|Any CPU
		{B3ABB798-4A25-4868-9F78-D18537AEA3D8}.Release|Any CPU.ActiveCfg = Release|Any CPU
		{B3ABB798-4A25-4868-9F78-D18537AEA3D8}.Release|Any CPU.Build.0 = Release|Any CPU
		{89826792-A512-4BB3-81BD-055A083D6C5B}.Debug|Any CPU.ActiveCfg = Debug|Any CPU
		{89826792-A512-4BB3-81BD-055A083D6C5B}.Debug|Any CPU.Build.0 = Debug|Any CPU
		{89826792-A512-4BB3-81BD-055A083D6C5B}.Release|Any CPU.ActiveCfg = Release|Any CPU
		{89826792-A512-4BB3-81BD-055A083D6C5B}.Release|Any CPU.Build.0 = Release|Any CPU
		{742E4DF5-6463-4E18-953D-89A47005900F}.Debug|Any CPU.ActiveCfg = Debug|Any CPU
		{742E4DF5-6463-4E18-953D-89A47005900F}.Debug|Any CPU.Build.0 = Debug|Any CPU
		{742E4DF5-6463-4E18-953D-89A47005900F}.Release|Any CPU.ActiveCfg = Release|Any CPU
		{742E4DF5-6463-4E18-953D-89A47005900F}.Release|Any CPU.Build.0 = Release|Any CPU
		{69073AA5-9B2D-4B46-9478-9BFD7FB9F7FF}.Debug|Any CPU.ActiveCfg = Debug|Any CPU
		{69073AA5-9B2D-4B46-9478-9BFD7FB9F7FF}.Debug|Any CPU.Build.0 = Debug|Any CPU
		{69073AA5-9B2D-4B46-9478-9BFD7FB9F7FF}.Release|Any CPU.ActiveCfg = Release|Any CPU
		{69073AA5-9B2D-4B46-9478-9BFD7FB9F7FF}.Release|Any CPU.Build.0 = Release|Any CPU
		{3C317D22-1893-4AA5-B825-098968147D47}.Debug|Any CPU.ActiveCfg = Debug|Any CPU
		{3C317D22-1893-4AA5-B825-098968147D47}.Debug|Any CPU.Build.0 = Debug|Any CPU
		{3C317D22-1893-4AA5-B825-098968147D47}.Release|Any CPU.ActiveCfg = Release|Any CPU
		{3C317D22-1893-4AA5-B825-098968147D47}.Release|Any CPU.Build.0 = Release|Any CPU
		{20172529-A6B7-4A27-AB03-ADA7AB9A5F32}.Debug|Any CPU.ActiveCfg = Debug|Any CPU
		{20172529-A6B7-4A27-AB03-ADA7AB9A5F32}.Debug|Any CPU.Build.0 = Debug|Any CPU
		{20172529-A6B7-4A27-AB03-ADA7AB9A5F32}.Release|Any CPU.ActiveCfg = Release|Any CPU
		{20172529-A6B7-4A27-AB03-ADA7AB9A5F32}.Release|Any CPU.Build.0 = Release|Any CPU
		{0ECAC960-B1B1-4E8A-B31E-858B05157519}.Debug|Any CPU.ActiveCfg = Debug|Any CPU
		{0ECAC960-B1B1-4E8A-B31E-858B05157519}.Debug|Any CPU.Build.0 = Debug|Any CPU
		{0ECAC960-B1B1-4E8A-B31E-858B05157519}.Release|Any CPU.ActiveCfg = Release|Any CPU
		{0ECAC960-B1B1-4E8A-B31E-858B05157519}.Release|Any CPU.Build.0 = Release|Any CPU
	EndGlobalSection
	GlobalSection(SolutionProperties) = preSolution
		HideSolutionNode = FALSE
	EndGlobalSection
	GlobalSection(ExtensibilityGlobals) = postSolution
		SolutionGuid = {9D5B1A96-DE63-468A-9DE9-273E2F2D9CB4}
	EndGlobalSection
EndGlobal
