
Microsoft Visual Studio Solution File, Format Version 12.00
# Visual Studio Version 17
VisualStudioVersion = 17.0.31903.59
MinimumVisualStudioVersion = 10.0.40219.1
Project("{FAE04EC0-301F-11D3-BF4B-00C04F79EFBC}") = "SampleShared", "SampleShared.csproj", "{A7AA85A8-08E8-4E13-B90C-0A1C17255786}"
EndProject
Global
	GlobalSection(SolutionConfigurationPlatforms) = preSolution
		Debug|Any CPU = Debug|Any CPU
		Release|Any CPU = Release|Any CPU
	EndGlobalSection
	GlobalSection(ProjectConfigurationPlatforms) = postSolution
		{A7AA85A8-08E8-4E13-B90C-0A1C17255786}.Debug|Any CPU.ActiveCfg = Debug|Any CPU
		{A7AA85A8-08E8-4E13-B90C-0A1C17255786}.Debug|Any CPU.Build.0 = Debug|Any CPU
		{A7AA85A8-08E8-4E13-B90C-0A1C17255786}.Release|Any CPU.ActiveCfg = Release|Any CPU
		{A7AA85A8-08E8-4E13-B90C-0A1C17255786}.Release|Any CPU.Build.0 = Release|Any CPU
	EndGlobalSection
	GlobalSection(SolutionProperties) = preSolution
		HideSolutionNode = FALSE
	EndGlobalSection
	GlobalSection(ExtensibilityGlobals) = postSolution
		SolutionGuid = {AF12EAF9-96B0-4594-BEF0-693078840610}
	EndGlobalSection
EndGlobal
