
Microsoft Visual Studio Solution File, Format Version 12.00
# Visual Studio 15
VisualStudioVersion = 15.0.26430.16
MinimumVisualStudioVersion = 10.0.40219.1
Project("{2150E333-8FDC-42A3-9474-1A3956D46DE8}") = ".nuget", ".nuget", "{511E83C7-FB52-4958-9553-5DAA34CDC845}"
	ProjectSection(SolutionItems) = preProject
		.nuget\packages.config = .nuget\packages.config
	EndProjectSection
EndProject
Project("{FAE04EC0-301F-11D3-BF4B-00C04F79EFBC}") = "DotNetWorkQueue", "DotNetWorkQueue\DotNetWorkQueue.csproj", "{26E740DA-E63D-497A-BF5B-FBBF28C8846F}"
EndProject
Project("{FAE04EC0-301F-11D3-BF4B-00C04F79EFBC}") = "DotNetWorkQueue.IntegrationTests.Shared", "DotNetWorkQueue.IntegrationTests.Shared\DotNetWorkQueue.IntegrationTests.Shared.csproj", "{3C5A2726-36C2-41FA-8840-91D2FD74F872}"
EndProject
Project("{FAE04EC0-301F-11D3-BF4B-00C04F79EFBC}") = "DotNetWorkQueue.Metrics.Net", "DotNetWorkQueue.Metrics.Net\DotNetWorkQueue.Metrics.Net.csproj", "{EFFE0556-89ED-4C70-B527-27D89D132E34}"
EndProject
Project("{FAE04EC0-301F-11D3-BF4B-00C04F79EFBC}") = "DotNetWorkQueue.Metrics.Net.Tests", "DotNetWorkQueue.Metrics.Net.Tests\DotNetWorkQueue.Metrics.Net.Tests.csproj", "{7E8623AD-2850-410E-A258-285D0072D64B}"
EndProject
Project("{FAE04EC0-301F-11D3-BF4B-00C04F79EFBC}") = "DotNetWorkQueue.Tests", "DotNetWorkQueue.Tests\DotNetWorkQueue.Tests.csproj", "{AC39352F-4B30-4D33-AC24-25829F3EFE4C}"
EndProject
Project("{FAE04EC0-301F-11D3-BF4B-00C04F79EFBC}") = "DotNetWorkQueue.Transport.Redis", "DotNetWorkQueue.Transport.Redis\DotNetWorkQueue.Transport.Redis.csproj", "{1F7A46A0-D823-4D83-A99F-5C2C7E7DDE3D}"
EndProject
Project("{FAE04EC0-301F-11D3-BF4B-00C04F79EFBC}") = "DotNetWorkQueue.Transport.Redis.IntegrationTests", "DotNetWorkQueue.Transport.Redis.IntegrationTests\DotNetWorkQueue.Transport.Redis.IntegrationTests.csproj", "{5AA687C0-83A6-493B-BAA2-483D582CC2F4}"
EndProject
Project("{FAE04EC0-301F-11D3-BF4B-00C04F79EFBC}") = "DotNetWorkQueue.Transport.Redis.Tests", "DotNetWorkQueue.Transport.Redis.Tests\DotNetWorkQueue.Transport.Redis.Tests.csproj", "{CD9C8B77-50E1-4A3A-A0EB-6C5B60ED5498}"
EndProject
Project("{FAE04EC0-301F-11D3-BF4B-00C04F79EFBC}") = "DotNetWorkQueue.Transport.SqlServer", "DotNetWorkQueue.Transport.SqlServer\DotNetWorkQueue.Transport.SqlServer.csproj", "{4E0C6F9D-0B43-4989-BE8B-93174A42636A}"
EndProject
Project("{FAE04EC0-301F-11D3-BF4B-00C04F79EFBC}") = "DotNetWorkQueue.Transport.SqlServer.IntegrationTests", "DotNetWorkQueue.Transport.SqlServer.IntegrationTests\DotNetWorkQueue.Transport.SqlServer.IntegrationTests.csproj", "{01D29A3B-41BF-4C89-A539-77CA8622B0E5}"
EndProject
Project("{FAE04EC0-301F-11D3-BF4B-00C04F79EFBC}") = "DotNetWorkQueue.Transport.SqlServer.Tests", "DotNetWorkQueue.Transport.SqlServer.Tests\DotNetWorkQueue.Transport.SqlServer.Tests.csproj", "{C3916361-00CC-4360-A507-2A7A4CBE7019}"
EndProject
Project("{FAE04EC0-301F-11D3-BF4B-00C04F79EFBC}") = "DotNetWorkQueue.Transport.SQLite", "DotNetWorkQueue.Transport.SQLite\DotNetWorkQueue.Transport.SQLite.csproj", "{50AB47CD-3038-4426-AA92-7ED11B990D4B}"
EndProject
Project("{FAE04EC0-301F-11D3-BF4B-00C04F79EFBC}") = "DotNetWorkQueue.Transport.SQLite.Integration.Tests", "DotNetWorkQueue.Transport.SQLite.Integration.Tests\DotNetWorkQueue.Transport.SQLite.Integration.Tests.csproj", "{FFBC1BFF-1ACE-46BB-87CC-FCD4A3021092}"
EndProject
Project("{FAE04EC0-301F-11D3-BF4B-00C04F79EFBC}") = "DotNetWorkQueue.Transport.SQLite.Tests", "DotNetWorkQueue.Transport.SQLite.Tests\DotNetWorkQueue.Transport.SQLite.Tests.csproj", "{4EE22A64-AC28-488F-A840-D8B9A9720F94}"
EndProject
Project("{FAE04EC0-301F-11D3-BF4B-00C04F79EFBC}") = "DotNetWorkQueue.Transport.Redis.Linq.Integration.Tests", "DotNetWorkQueue.Transport.Redis.Linq.Integration.Tests\DotNetWorkQueue.Transport.Redis.Linq.Integration.Tests.csproj", "{310C6EC3-DF9D-4BD8-B5D5-F90DA5D6E338}"
EndProject
Project("{FAE04EC0-301F-11D3-BF4B-00C04F79EFBC}") = "DotNetWorkQueue.Transport.SQLite.Linq.Integration.Tests", "DotNetWorkQueue.Transport.SQLite.Linq.Integration.Tests\DotNetWorkQueue.Transport.SQLite.Linq.Integration.Tests.csproj", "{42445E2C-6F0A-4E2D-B784-77870EBAE975}"
EndProject
Project("{FAE04EC0-301F-11D3-BF4B-00C04F79EFBC}") = "DotNetWorkQueue.Transport.SqlServer.Linq.Integration.Tests", "DotNetWorkQueue.Transport.SqlServer.Linq.Integration.Tests\DotNetWorkQueue.Transport.SqlServer.Linq.Integration.Tests.csproj", "{965C9CB4-403F-4B66-BBFD-1901905BC2BB}"
EndProject
Project("{FAE04EC0-301F-11D3-BF4B-00C04F79EFBC}") = "DotNetWorkQueue.Transport.PostgreSQL", "DotNetWorkQueue.Transport.PostgreSQL\DotNetWorkQueue.Transport.PostgreSQL.csproj", "{18DE3A7D-19C4-4131-AB19-F276469AE7D3}"
EndProject
Project("{FAE04EC0-301F-11D3-BF4B-00C04F79EFBC}") = "DotNetWorkQueue.Transport.PostgreSQL.Integration.Tests", "DotNetWorkQueue.Transport.PostgreSQL.Integration.Tests\DotNetWorkQueue.Transport.PostgreSQL.Integration.Tests.csproj", "{D40625D4-17CA-4DBB-A918-8155FE3FBA0C}"
EndProject
Project("{FAE04EC0-301F-11D3-BF4B-00C04F79EFBC}") = "DotNetWorkQueue.Transport.PostgreSQL.Linq.Integration.Tests", "DotNetWorkQueue.Transport.PostgreSQL.Linq.Integration.Tests\DotNetWorkQueue.Transport.PostgreSQL.Linq.Integration.Tests.csproj", "{71E7FFAE-F698-4ED1-9F2D-9A29AA50277E}"
EndProject
Project("{FAE04EC0-301F-11D3-BF4B-00C04F79EFBC}") = "DotNetWorkQueue.Transport.PostgreSQL.Tests", "DotNetWorkQueue.Transport.PostgreSQL.Tests\DotNetWorkQueue.Transport.PostgreSQL.Tests.csproj", "{549B53CC-3F3A-46FB-BD55-CAB011A63AFE}"
EndProject
Project("{FAE04EC0-301F-11D3-BF4B-00C04F79EFBC}") = "DotNetWorkQueue.Transport.RelationalDatabase", "DotNetWorkQueue.Transport.RelationalDatabase\DotNetWorkQueue.Transport.RelationalDatabase.csproj", "{B5C21F35-5F81-438C-B27F-A32C0C730581}"
EndProject
Project("{FAE04EC0-301F-11D3-BF4B-00C04F79EFBC}") = "DotNetWorkQueue.Transport.RelationalDatabase.Tests", "DotNetWorkQueue.Transport.RelationalDatabase.Tests\DotNetWorkQueue.Transport.RelationalDatabase.Tests.csproj", "{4DC2FDB0-C76F-4631-BD1F-0EA7811F5B26}"
EndProject
Global
	GlobalSection(SolutionConfigurationPlatforms) = preSolution
		Debug|Any CPU = Debug|Any CPU
		Release|Any CPU = Release|Any CPU
	EndGlobalSection
	GlobalSection(ProjectConfigurationPlatforms) = postSolution
		{26E740DA-E63D-497A-BF5B-FBBF28C8846F}.Debug|Any CPU.ActiveCfg = Debug|Any CPU
		{26E740DA-E63D-497A-BF5B-FBBF28C8846F}.Debug|Any CPU.Build.0 = Debug|Any CPU
		{26E740DA-E63D-497A-BF5B-FBBF28C8846F}.Release|Any CPU.ActiveCfg = Release|Any CPU
		{26E740DA-E63D-497A-BF5B-FBBF28C8846F}.Release|Any CPU.Build.0 = Release|Any CPU
		{3C5A2726-36C2-41FA-8840-91D2FD74F872}.Debug|Any CPU.ActiveCfg = Debug|Any CPU
		{3C5A2726-36C2-41FA-8840-91D2FD74F872}.Debug|Any CPU.Build.0 = Debug|Any CPU
		{3C5A2726-36C2-41FA-8840-91D2FD74F872}.Release|Any CPU.ActiveCfg = Release|Any CPU
		{3C5A2726-36C2-41FA-8840-91D2FD74F872}.Release|Any CPU.Build.0 = Release|Any CPU
		{EFFE0556-89ED-4C70-B527-27D89D132E34}.Debug|Any CPU.ActiveCfg = Debug|Any CPU
		{EFFE0556-89ED-4C70-B527-27D89D132E34}.Debug|Any CPU.Build.0 = Debug|Any CPU
		{EFFE0556-89ED-4C70-B527-27D89D132E34}.Release|Any CPU.ActiveCfg = Release|Any CPU
		{EFFE0556-89ED-4C70-B527-27D89D132E34}.Release|Any CPU.Build.0 = Release|Any CPU
		{7E8623AD-2850-410E-A258-285D0072D64B}.Debug|Any CPU.ActiveCfg = Debug|Any CPU
		{7E8623AD-2850-410E-A258-285D0072D64B}.Debug|Any CPU.Build.0 = Debug|Any CPU
		{7E8623AD-2850-410E-A258-285D0072D64B}.Release|Any CPU.ActiveCfg = Release|Any CPU
		{7E8623AD-2850-410E-A258-285D0072D64B}.Release|Any CPU.Build.0 = Release|Any CPU
		{AC39352F-4B30-4D33-AC24-25829F3EFE4C}.Debug|Any CPU.ActiveCfg = Debug|Any CPU
		{AC39352F-4B30-4D33-AC24-25829F3EFE4C}.Debug|Any CPU.Build.0 = Debug|Any CPU
		{AC39352F-4B30-4D33-AC24-25829F3EFE4C}.Release|Any CPU.ActiveCfg = Release|Any CPU
		{AC39352F-4B30-4D33-AC24-25829F3EFE4C}.Release|Any CPU.Build.0 = Release|Any CPU
		{1F7A46A0-D823-4D83-A99F-5C2C7E7DDE3D}.Debug|Any CPU.ActiveCfg = Debug|Any CPU
		{1F7A46A0-D823-4D83-A99F-5C2C7E7DDE3D}.Debug|Any CPU.Build.0 = Debug|Any CPU
		{1F7A46A0-D823-4D83-A99F-5C2C7E7DDE3D}.Release|Any CPU.ActiveCfg = Release|Any CPU
		{1F7A46A0-D823-4D83-A99F-5C2C7E7DDE3D}.Release|Any CPU.Build.0 = Release|Any CPU
		{5AA687C0-83A6-493B-BAA2-483D582CC2F4}.Debug|Any CPU.ActiveCfg = Debug|Any CPU
		{5AA687C0-83A6-493B-BAA2-483D582CC2F4}.Debug|Any CPU.Build.0 = Debug|Any CPU
		{5AA687C0-83A6-493B-BAA2-483D582CC2F4}.Release|Any CPU.ActiveCfg = Release|Any CPU
		{5AA687C0-83A6-493B-BAA2-483D582CC2F4}.Release|Any CPU.Build.0 = Release|Any CPU
		{CD9C8B77-50E1-4A3A-A0EB-6C5B60ED5498}.Debug|Any CPU.ActiveCfg = Debug|Any CPU
		{CD9C8B77-50E1-4A3A-A0EB-6C5B60ED5498}.Debug|Any CPU.Build.0 = Debug|Any CPU
		{CD9C8B77-50E1-4A3A-A0EB-6C5B60ED5498}.Release|Any CPU.ActiveCfg = Release|Any CPU
		{CD9C8B77-50E1-4A3A-A0EB-6C5B60ED5498}.Release|Any CPU.Build.0 = Release|Any CPU
		{4E0C6F9D-0B43-4989-BE8B-93174A42636A}.Debug|Any CPU.ActiveCfg = Debug|Any CPU
		{4E0C6F9D-0B43-4989-BE8B-93174A42636A}.Debug|Any CPU.Build.0 = Debug|Any CPU
		{4E0C6F9D-0B43-4989-BE8B-93174A42636A}.Release|Any CPU.ActiveCfg = Release|Any CPU
		{4E0C6F9D-0B43-4989-BE8B-93174A42636A}.Release|Any CPU.Build.0 = Release|Any CPU
		{01D29A3B-41BF-4C89-A539-77CA8622B0E5}.Debug|Any CPU.ActiveCfg = Debug|Any CPU
		{01D29A3B-41BF-4C89-A539-77CA8622B0E5}.Debug|Any CPU.Build.0 = Debug|Any CPU
		{01D29A3B-41BF-4C89-A539-77CA8622B0E5}.Release|Any CPU.ActiveCfg = Release|Any CPU
		{01D29A3B-41BF-4C89-A539-77CA8622B0E5}.Release|Any CPU.Build.0 = Release|Any CPU
		{C3916361-00CC-4360-A507-2A7A4CBE7019}.Debug|Any CPU.ActiveCfg = Debug|Any CPU
		{C3916361-00CC-4360-A507-2A7A4CBE7019}.Debug|Any CPU.Build.0 = Debug|Any CPU
		{C3916361-00CC-4360-A507-2A7A4CBE7019}.Release|Any CPU.ActiveCfg = Release|Any CPU
		{C3916361-00CC-4360-A507-2A7A4CBE7019}.Release|Any CPU.Build.0 = Release|Any CPU
		{50AB47CD-3038-4426-AA92-7ED11B990D4B}.Debug|Any CPU.ActiveCfg = Debug|Any CPU
		{50AB47CD-3038-4426-AA92-7ED11B990D4B}.Debug|Any CPU.Build.0 = Debug|Any CPU
		{50AB47CD-3038-4426-AA92-7ED11B990D4B}.Release|Any CPU.ActiveCfg = Release|Any CPU
		{50AB47CD-3038-4426-AA92-7ED11B990D4B}.Release|Any CPU.Build.0 = Release|Any CPU
		{FFBC1BFF-1ACE-46BB-87CC-FCD4A3021092}.Debug|Any CPU.ActiveCfg = Debug|Any CPU
		{FFBC1BFF-1ACE-46BB-87CC-FCD4A3021092}.Debug|Any CPU.Build.0 = Debug|Any CPU
		{FFBC1BFF-1ACE-46BB-87CC-FCD4A3021092}.Release|Any CPU.ActiveCfg = Release|Any CPU
		{FFBC1BFF-1ACE-46BB-87CC-FCD4A3021092}.Release|Any CPU.Build.0 = Release|Any CPU
		{4EE22A64-AC28-488F-A840-D8B9A9720F94}.Debug|Any CPU.ActiveCfg = Debug|Any CPU
		{4EE22A64-AC28-488F-A840-D8B9A9720F94}.Debug|Any CPU.Build.0 = Debug|Any CPU
		{4EE22A64-AC28-488F-A840-D8B9A9720F94}.Release|Any CPU.ActiveCfg = Release|Any CPU
		{4EE22A64-AC28-488F-A840-D8B9A9720F94}.Release|Any CPU.Build.0 = Release|Any CPU
		{310C6EC3-DF9D-4BD8-B5D5-F90DA5D6E338}.Debug|Any CPU.ActiveCfg = Debug|Any CPU
		{310C6EC3-DF9D-4BD8-B5D5-F90DA5D6E338}.Debug|Any CPU.Build.0 = Debug|Any CPU
		{310C6EC3-DF9D-4BD8-B5D5-F90DA5D6E338}.Release|Any CPU.ActiveCfg = Release|Any CPU
		{310C6EC3-DF9D-4BD8-B5D5-F90DA5D6E338}.Release|Any CPU.Build.0 = Release|Any CPU
		{42445E2C-6F0A-4E2D-B784-77870EBAE975}.Debug|Any CPU.ActiveCfg = Debug|Any CPU
		{42445E2C-6F0A-4E2D-B784-77870EBAE975}.Debug|Any CPU.Build.0 = Debug|Any CPU
		{42445E2C-6F0A-4E2D-B784-77870EBAE975}.Release|Any CPU.ActiveCfg = Release|Any CPU
		{42445E2C-6F0A-4E2D-B784-77870EBAE975}.Release|Any CPU.Build.0 = Release|Any CPU
		{965C9CB4-403F-4B66-BBFD-1901905BC2BB}.Debug|Any CPU.ActiveCfg = Debug|Any CPU
		{965C9CB4-403F-4B66-BBFD-1901905BC2BB}.Debug|Any CPU.Build.0 = Debug|Any CPU
		{965C9CB4-403F-4B66-BBFD-1901905BC2BB}.Release|Any CPU.ActiveCfg = Release|Any CPU
		{965C9CB4-403F-4B66-BBFD-1901905BC2BB}.Release|Any CPU.Build.0 = Release|Any CPU
		{18DE3A7D-19C4-4131-AB19-F276469AE7D3}.Debug|Any CPU.ActiveCfg = Debug|Any CPU
		{18DE3A7D-19C4-4131-AB19-F276469AE7D3}.Debug|Any CPU.Build.0 = Debug|Any CPU
		{18DE3A7D-19C4-4131-AB19-F276469AE7D3}.Release|Any CPU.ActiveCfg = Release|Any CPU
		{18DE3A7D-19C4-4131-AB19-F276469AE7D3}.Release|Any CPU.Build.0 = Release|Any CPU
		{D40625D4-17CA-4DBB-A918-8155FE3FBA0C}.Debug|Any CPU.ActiveCfg = Debug|Any CPU
		{D40625D4-17CA-4DBB-A918-8155FE3FBA0C}.Debug|Any CPU.Build.0 = Debug|Any CPU
		{D40625D4-17CA-4DBB-A918-8155FE3FBA0C}.Release|Any CPU.ActiveCfg = Release|Any CPU
		{D40625D4-17CA-4DBB-A918-8155FE3FBA0C}.Release|Any CPU.Build.0 = Release|Any CPU
		{71E7FFAE-F698-4ED1-9F2D-9A29AA50277E}.Debug|Any CPU.ActiveCfg = Debug|Any CPU
		{71E7FFAE-F698-4ED1-9F2D-9A29AA50277E}.Debug|Any CPU.Build.0 = Debug|Any CPU
		{71E7FFAE-F698-4ED1-9F2D-9A29AA50277E}.Release|Any CPU.ActiveCfg = Release|Any CPU
		{71E7FFAE-F698-4ED1-9F2D-9A29AA50277E}.Release|Any CPU.Build.0 = Release|Any CPU
		{549B53CC-3F3A-46FB-BD55-CAB011A63AFE}.Debug|Any CPU.ActiveCfg = Debug|Any CPU
		{549B53CC-3F3A-46FB-BD55-CAB011A63AFE}.Debug|Any CPU.Build.0 = Debug|Any CPU
		{549B53CC-3F3A-46FB-BD55-CAB011A63AFE}.Release|Any CPU.ActiveCfg = Release|Any CPU
		{549B53CC-3F3A-46FB-BD55-CAB011A63AFE}.Release|Any CPU.Build.0 = Release|Any CPU
		{B5C21F35-5F81-438C-B27F-A32C0C730581}.Debug|Any CPU.ActiveCfg = Debug|Any CPU
		{B5C21F35-5F81-438C-B27F-A32C0C730581}.Debug|Any CPU.Build.0 = Debug|Any CPU
		{B5C21F35-5F81-438C-B27F-A32C0C730581}.Release|Any CPU.ActiveCfg = Release|Any CPU
		{B5C21F35-5F81-438C-B27F-A32C0C730581}.Release|Any CPU.Build.0 = Release|Any CPU
		{4DC2FDB0-C76F-4631-BD1F-0EA7811F5B26}.Debug|Any CPU.ActiveCfg = Debug|Any CPU
		{4DC2FDB0-C76F-4631-BD1F-0EA7811F5B26}.Debug|Any CPU.Build.0 = Debug|Any CPU
		{4DC2FDB0-C76F-4631-BD1F-0EA7811F5B26}.Release|Any CPU.ActiveCfg = Release|Any CPU
		{4DC2FDB0-C76F-4631-BD1F-0EA7811F5B26}.Release|Any CPU.Build.0 = Release|Any CPU
	EndGlobalSection
	GlobalSection(SolutionProperties) = preSolution
		HideSolutionNode = FALSE
	EndGlobalSection
EndGlobal
