
Microsoft Visual Studio Solution File, Format Version 12.00
# Visual Studio Version 16
VisualStudioVersion = 16.0.28922.388
MinimumVisualStudioVersion = 10.0.40219.1
Project("{9A19103F-16F7-4668-BE54-9A1E7A4F7556}") = "DotNetWorkQueue", "DotNetWorkQueue\DotNetWorkQueue.csproj", "{212ACD0D-8042-4DB4-A37C-D6786950681B}"
EndProject
Project("{9A19103F-16F7-4668-BE54-9A1E7A4F7556}") = "DotNetWorkQueue.Transport.RelationalDatabase", "DotNetWorkQueue.Transport.RelationalDatabase\DotNetWorkQueue.Transport.RelationalDatabase.csproj", "{9F40E10F-9958-46F3-B9DF-2C4E2CF3D252}"
EndProject
Project("{9A19103F-16F7-4668-BE54-9A1E7A4F7556}") = "DotNetWorkQueue.Transport.SqlServer", "DotNetWorkQueue.Transport.SqlServer\DotNetWorkQueue.Transport.SqlServer.csproj", "{C6F7C538-31FE-4C82-97CB-AF9065919E56}"
EndProject
Project("{9A19103F-16F7-4668-BE54-9A1E7A4F7556}") = "DotNetWorkQueue.Transport.Redis", "DotNetWorkQueue.Transport.Redis\DotNetWorkQueue.Transport.Redis.csproj", "{9310E7C3-F9A3-43AF-88C2-239498AD2D70}"
EndProject
Project("{9A19103F-16F7-4668-BE54-9A1E7A4F7556}") = "DotNetWorkQueue.Transport.PostgreSQL", "DotNetWorkQueue.Transport.PostgreSQL\DotNetWorkQueue.Transport.PostgreSQL.csproj", "{7AA5EDFE-3D5D-4CF6-84A3-A1A5F1207FD3}"
EndProject
Project("{9A19103F-16F7-4668-BE54-9A1E7A4F7556}") = "DotNetWorkQueue.Transport.SQLite", "DotNetWorkQueue.Transport.SQLite\DotNetWorkQueue.Transport.SQLite.csproj", "{AFF668C7-E803-44C6-9FFE-27069A19F9A9}"
EndProject
Project("{9A19103F-16F7-4668-BE54-9A1E7A4F7556}") = "DotNetWorkQueue.Transport.Shared", "DotNetWorkQueue.Transport.Shared\DotNetWorkQueue.Transport.Shared.csproj", "{35B020AC-19D5-43C2-A659-26D0F3B0835D}"
EndProject
Project("{9A19103F-16F7-4668-BE54-9A1E7A4F7556}") = "DotNetWorkQueue.Transport.LiteDb", "DotNetWorkQueue.Transport.LiteDB\DotNetWorkQueue.Transport.LiteDb.csproj", "{61EFB835-1161-4209-98A3-CA799D66F718}"
EndProject
Project("{FAE04EC0-301F-11D3-BF4B-00C04F79EFBC}") = "DotNetWorkQueue.Dashboard.Api", "DotNetWorkQueue.Dashboard.Api\DotNetWorkQueue.Dashboard.Api.csproj", "{19731649-20F8-4F1E-B1BD-142574D01129}"
EndProject
Project("{FAE04EC0-301F-11D3-BF4B-00C04F79EFBC}") = "DotNetWorkQueue.Transport.Memory", "DotNetWorkQueue.Transport.Memory\DotNetWorkQueue.Transport.Memory.csproj", "{097C0B89-E3B2-4A60-99C2-9C9CFE59B3A1}"
EndProject
Project("{FAE04EC0-301F-11D3-BF4B-00C04F79EFBC}") = "DotNetWorkQueue.Dashboard.Ui", "DotNetWorkQueue.Dashboard.Ui\DotNetWorkQueue.Dashboard.Ui.csproj", "{0652523A-6D75-4308-88DF-E68D3E8D875B}"
EndProject
Project("{FAE04EC0-301F-11D3-BF4B-00C04F79EFBC}") = "DotNetWorkQueue.Dashboard.Client", "DotNetWorkQueue.Dashboard.Client\DotNetWorkQueue.Dashboard.Client.csproj", "{5F3227BF-9564-46C2-B6FC-E565B9DDCFB6}"
EndProject
Global
	GlobalSection(SolutionConfigurationPlatforms) = preSolution
		Debug|Any CPU = Debug|Any CPU
		Debug|x64 = Debug|x64
		Debug|x86 = Debug|x86
		Release|Any CPU = Release|Any CPU
		Release|x64 = Release|x64
		Release|x86 = Release|x86
	EndGlobalSection
	GlobalSection(ProjectConfigurationPlatforms) = postSolution
		{212ACD0D-8042-4DB4-A37C-D6786950681B}.Debug|Any CPU.ActiveCfg = Debug|Any CPU
		{212ACD0D-8042-4DB4-A37C-D6786950681B}.Debug|Any CPU.Build.0 = Debug|Any CPU
		{212ACD0D-8042-4DB4-A37C-D6786950681B}.Debug|x64.ActiveCfg = Debug|Any CPU
		{212ACD0D-8042-4DB4-A37C-D6786950681B}.Debug|x64.Build.0 = Debug|Any CPU
		{212ACD0D-8042-4DB4-A37C-D6786950681B}.Debug|x86.ActiveCfg = Debug|Any CPU
		{212ACD0D-8042-4DB4-A37C-D6786950681B}.Debug|x86.Build.0 = Debug|Any CPU
		{212ACD0D-8042-4DB4-A37C-D6786950681B}.Release|Any CPU.ActiveCfg = Release|Any CPU
		{212ACD0D-8042-4DB4-A37C-D6786950681B}.Release|Any CPU.Build.0 = Release|Any CPU
		{212ACD0D-8042-4DB4-A37C-D6786950681B}.Release|x64.ActiveCfg = Release|Any CPU
		{212ACD0D-8042-4DB4-A37C-D6786950681B}.Release|x64.Build.0 = Release|Any CPU
		{212ACD0D-8042-4DB4-A37C-D6786950681B}.Release|x86.ActiveCfg = Release|Any CPU
		{212ACD0D-8042-4DB4-A37C-D6786950681B}.Release|x86.Build.0 = Release|Any CPU
		{9F40E10F-9958-46F3-B9DF-2C4E2CF3D252}.Debug|Any CPU.ActiveCfg = Debug|Any CPU
		{9F40E10F-9958-46F3-B9DF-2C4E2CF3D252}.Debug|Any CPU.Build.0 = Debug|Any CPU
		{9F40E10F-9958-46F3-B9DF-2C4E2CF3D252}.Debug|x64.ActiveCfg = Debug|Any CPU
		{9F40E10F-9958-46F3-B9DF-2C4E2CF3D252}.Debug|x64.Build.0 = Debug|Any CPU
		{9F40E10F-9958-46F3-B9DF-2C4E2CF3D252}.Debug|x86.ActiveCfg = Debug|Any CPU
		{9F40E10F-9958-46F3-B9DF-2C4E2CF3D252}.Debug|x86.Build.0 = Debug|Any CPU
		{9F40E10F-9958-46F3-B9DF-2C4E2CF3D252}.Release|Any CPU.ActiveCfg = Release|Any CPU
		{9F40E10F-9958-46F3-B9DF-2C4E2CF3D252}.Release|Any CPU.Build.0 = Release|Any CPU
		{9F40E10F-9958-46F3-B9DF-2C4E2CF3D252}.Release|x64.ActiveCfg = Release|Any CPU
		{9F40E10F-9958-46F3-B9DF-2C4E2CF3D252}.Release|x64.Build.0 = Release|Any CPU
		{9F40E10F-9958-46F3-B9DF-2C4E2CF3D252}.Release|x86.ActiveCfg = Release|Any CPU
		{9F40E10F-9958-46F3-B9DF-2C4E2CF3D252}.Release|x86.Build.0 = Release|Any CPU
		{C6F7C538-31FE-4C82-97CB-AF9065919E56}.Debug|Any CPU.ActiveCfg = Debug|Any CPU
		{C6F7C538-31FE-4C82-97CB-AF9065919E56}.Debug|Any CPU.Build.0 = Debug|Any CPU
		{C6F7C538-31FE-4C82-97CB-AF9065919E56}.Debug|x64.ActiveCfg = Debug|Any CPU
		{C6F7C538-31FE-4C82-97CB-AF9065919E56}.Debug|x64.Build.0 = Debug|Any CPU
		{C6F7C538-31FE-4C82-97CB-AF9065919E56}.Debug|x86.ActiveCfg = Debug|Any CPU
		{C6F7C538-31FE-4C82-97CB-AF9065919E56}.Debug|x86.Build.0 = Debug|Any CPU
		{C6F7C538-31FE-4C82-97CB-AF9065919E56}.Release|Any CPU.ActiveCfg = Release|Any CPU
		{C6F7C538-31FE-4C82-97CB-AF9065919E56}.Release|Any CPU.Build.0 = Release|Any CPU
		{C6F7C538-31FE-4C82-97CB-AF9065919E56}.Release|x64.ActiveCfg = Release|Any CPU
		{C6F7C538-31FE-4C82-97CB-AF9065919E56}.Release|x64.Build.0 = Release|Any CPU
		{C6F7C538-31FE-4C82-97CB-AF9065919E56}.Release|x86.ActiveCfg = Release|Any CPU
		{C6F7C538-31FE-4C82-97CB-AF9065919E56}.Release|x86.Build.0 = Release|Any CPU
		{9310E7C3-F9A3-43AF-88C2-239498AD2D70}.Debug|Any CPU.ActiveCfg = Debug|Any CPU
		{9310E7C3-F9A3-43AF-88C2-239498AD2D70}.Debug|Any CPU.Build.0 = Debug|Any CPU
		{9310E7C3-F9A3-43AF-88C2-239498AD2D70}.Debug|x64.ActiveCfg = Debug|Any CPU
		{9310E7C3-F9A3-43AF-88C2-239498AD2D70}.Debug|x64.Build.0 = Debug|Any CPU
		{9310E7C3-F9A3-43AF-88C2-239498AD2D70}.Debug|x86.ActiveCfg = Debug|Any CPU
		{9310E7C3-F9A3-43AF-88C2-239498AD2D70}.Debug|x86.Build.0 = Debug|Any CPU
		{9310E7C3-F9A3-43AF-88C2-239498AD2D70}.Release|Any CPU.ActiveCfg = Release|Any CPU
		{9310E7C3-F9A3-43AF-88C2-239498AD2D70}.Release|Any CPU.Build.0 = Release|Any CPU
		{9310E7C3-F9A3-43AF-88C2-239498AD2D70}.Release|x64.ActiveCfg = Release|Any CPU
		{9310E7C3-F9A3-43AF-88C2-239498AD2D70}.Release|x64.Build.0 = Release|Any CPU
		{9310E7C3-F9A3-43AF-88C2-239498AD2D70}.Release|x86.ActiveCfg = Release|Any CPU
		{9310E7C3-F9A3-43AF-88C2-239498AD2D70}.Release|x86.Build.0 = Release|Any CPU
		{7AA5EDFE-3D5D-4CF6-84A3-A1A5F1207FD3}.Debug|Any CPU.ActiveCfg = Debug|Any CPU
		{7AA5EDFE-3D5D-4CF6-84A3-A1A5F1207FD3}.Debug|Any CPU.Build.0 = Debug|Any CPU
		{7AA5EDFE-3D5D-4CF6-84A3-A1A5F1207FD3}.Debug|x64.ActiveCfg = Debug|Any CPU
		{7AA5EDFE-3D5D-4CF6-84A3-A1A5F1207FD3}.Debug|x64.Build.0 = Debug|Any CPU
		{7AA5EDFE-3D5D-4CF6-84A3-A1A5F1207FD3}.Debug|x86.ActiveCfg = Debug|Any CPU
		{7AA5EDFE-3D5D-4CF6-84A3-A1A5F1207FD3}.Debug|x86.Build.0 = Debug|Any CPU
		{7AA5EDFE-3D5D-4CF6-84A3-A1A5F1207FD3}.Release|Any CPU.ActiveCfg = Release|Any CPU
		{7AA5EDFE-3D5D-4CF6-84A3-A1A5F1207FD3}.Release|Any CPU.Build.0 = Release|Any CPU
		{7AA5EDFE-3D5D-4CF6-84A3-A1A5F1207FD3}.Release|x64.ActiveCfg = Release|Any CPU
		{7AA5EDFE-3D5D-4CF6-84A3-A1A5F1207FD3}.Release|x64.Build.0 = Release|Any CPU
		{7AA5EDFE-3D5D-4CF6-84A3-A1A5F1207FD3}.Release|x86.ActiveCfg = Release|Any CPU
		{7AA5EDFE-3D5D-4CF6-84A3-A1A5F1207FD3}.Release|x86.Build.0 = Release|Any CPU
		{AFF668C7-E803-44C6-9FFE-27069A19F9A9}.Debug|Any CPU.ActiveCfg = Debug|Any CPU
		{AFF668C7-E803-44C6-9FFE-27069A19F9A9}.Debug|Any CPU.Build.0 = Debug|Any CPU
		{AFF668C7-E803-44C6-9FFE-27069A19F9A9}.Debug|x64.ActiveCfg = Debug|Any CPU
		{AFF668C7-E803-44C6-9FFE-27069A19F9A9}.Debug|x64.Build.0 = Debug|Any CPU
		{AFF668C7-E803-44C6-9FFE-27069A19F9A9}.Debug|x86.ActiveCfg = Debug|Any CPU
		{AFF668C7-E803-44C6-9FFE-27069A19F9A9}.Debug|x86.Build.0 = Debug|Any CPU
		{AFF668C7-E803-44C6-9FFE-27069A19F9A9}.Release|Any CPU.ActiveCfg = Release|Any CPU
		{AFF668C7-E803-44C6-9FFE-27069A19F9A9}.Release|Any CPU.Build.0 = Release|Any CPU
		{AFF668C7-E803-44C6-9FFE-27069A19F9A9}.Release|x64.ActiveCfg = Release|Any CPU
		{AFF668C7-E803-44C6-9FFE-27069A19F9A9}.Release|x64.Build.0 = Release|Any CPU
		{AFF668C7-E803-44C6-9FFE-27069A19F9A9}.Release|x86.ActiveCfg = Release|Any CPU
		{AFF668C7-E803-44C6-9FFE-27069A19F9A9}.Release|x86.Build.0 = Release|Any CPU
		{35B020AC-19D5-43C2-A659-26D0F3B0835D}.Debug|Any CPU.ActiveCfg = Debug|Any CPU
		{35B020AC-19D5-43C2-A659-26D0F3B0835D}.Debug|Any CPU.Build.0 = Debug|Any CPU
		{35B020AC-19D5-43C2-A659-26D0F3B0835D}.Debug|x64.ActiveCfg = Debug|Any CPU
		{35B020AC-19D5-43C2-A659-26D0F3B0835D}.Debug|x64.Build.0 = Debug|Any CPU
		{35B020AC-19D5-43C2-A659-26D0F3B0835D}.Debug|x86.ActiveCfg = Debug|Any CPU
		{35B020AC-19D5-43C2-A659-26D0F3B0835D}.Debug|x86.Build.0 = Debug|Any CPU
		{35B020AC-19D5-43C2-A659-26D0F3B0835D}.Release|Any CPU.ActiveCfg = Release|Any CPU
		{35B020AC-19D5-43C2-A659-26D0F3B0835D}.Release|Any CPU.Build.0 = Release|Any CPU
		{35B020AC-19D5-43C2-A659-26D0F3B0835D}.Release|x64.ActiveCfg = Release|Any CPU
		{35B020AC-19D5-43C2-A659-26D0F3B0835D}.Release|x64.Build.0 = Release|Any CPU
		{35B020AC-19D5-43C2-A659-26D0F3B0835D}.Release|x86.ActiveCfg = Release|Any CPU
		{35B020AC-19D5-43C2-A659-26D0F3B0835D}.Release|x86.Build.0 = Release|Any CPU
		{61EFB835-1161-4209-98A3-CA799D66F718}.Debug|Any CPU.ActiveCfg = Debug|Any CPU
		{61EFB835-1161-4209-98A3-CA799D66F718}.Debug|Any CPU.Build.0 = Debug|Any CPU
		{61EFB835-1161-4209-98A3-CA799D66F718}.Debug|x64.ActiveCfg = Debug|Any CPU
		{61EFB835-1161-4209-98A3-CA799D66F718}.Debug|x64.Build.0 = Debug|Any CPU
		{61EFB835-1161-4209-98A3-CA799D66F718}.Debug|x86.ActiveCfg = Debug|Any CPU
		{61EFB835-1161-4209-98A3-CA799D66F718}.Debug|x86.Build.0 = Debug|Any CPU
		{61EFB835-1161-4209-98A3-CA799D66F718}.Release|Any CPU.ActiveCfg = Release|Any CPU
		{61EFB835-1161-4209-98A3-CA799D66F718}.Release|Any CPU.Build.0 = Release|Any CPU
		{61EFB835-1161-4209-98A3-CA799D66F718}.Release|x64.ActiveCfg = Release|Any CPU
		{61EFB835-1161-4209-98A3-CA799D66F718}.Release|x64.Build.0 = Release|Any CPU
		{61EFB835-1161-4209-98A3-CA799D66F718}.Release|x86.ActiveCfg = Release|Any CPU
		{61EFB835-1161-4209-98A3-CA799D66F718}.Release|x86.Build.0 = Release|Any CPU
		{19731649-20F8-4F1E-B1BD-142574D01129}.Debug|Any CPU.ActiveCfg = Debug|Any CPU
		{19731649-20F8-4F1E-B1BD-142574D01129}.Debug|Any CPU.Build.0 = Debug|Any CPU
		{19731649-20F8-4F1E-B1BD-142574D01129}.Debug|x64.ActiveCfg = Debug|Any CPU
		{19731649-20F8-4F1E-B1BD-142574D01129}.Debug|x64.Build.0 = Debug|Any CPU
		{19731649-20F8-4F1E-B1BD-142574D01129}.Debug|x86.ActiveCfg = Debug|Any CPU
		{19731649-20F8-4F1E-B1BD-142574D01129}.Debug|x86.Build.0 = Debug|Any CPU
		{19731649-20F8-4F1E-B1BD-142574D01129}.Release|Any CPU.ActiveCfg = Release|Any CPU
		{19731649-20F8-4F1E-B1BD-142574D01129}.Release|Any CPU.Build.0 = Release|Any CPU
		{19731649-20F8-4F1E-B1BD-142574D01129}.Release|x64.ActiveCfg = Release|Any CPU
		{19731649-20F8-4F1E-B1BD-142574D01129}.Release|x64.Build.0 = Release|Any CPU
		{19731649-20F8-4F1E-B1BD-142574D01129}.Release|x86.ActiveCfg = Release|Any CPU
		{19731649-20F8-4F1E-B1BD-142574D01129}.Release|x86.Build.0 = Release|Any CPU
		{097C0B89-E3B2-4A60-99C2-9C9CFE59B3A1}.Debug|Any CPU.ActiveCfg = Debug|Any CPU
		{097C0B89-E3B2-4A60-99C2-9C9CFE59B3A1}.Debug|Any CPU.Build.0 = Debug|Any CPU
		{097C0B89-E3B2-4A60-99C2-9C9CFE59B3A1}.Debug|x64.ActiveCfg = Debug|Any CPU
		{097C0B89-E3B2-4A60-99C2-9C9CFE59B3A1}.Debug|x64.Build.0 = Debug|Any CPU
		{097C0B89-E3B2-4A60-99C2-9C9CFE59B3A1}.Debug|x86.ActiveCfg = Debug|Any CPU
		{097C0B89-E3B2-4A60-99C2-9C9CFE59B3A1}.Debug|x86.Build.0 = Debug|Any CPU
		{097C0B89-E3B2-4A60-99C2-9C9CFE59B3A1}.Release|Any CPU.ActiveCfg = Release|Any CPU
		{097C0B89-E3B2-4A60-99C2-9C9CFE59B3A1}.Release|Any CPU.Build.0 = Release|Any CPU
		{097C0B89-E3B2-4A60-99C2-9C9CFE59B3A1}.Release|x64.ActiveCfg = Release|Any CPU
		{097C0B89-E3B2-4A60-99C2-9C9CFE59B3A1}.Release|x64.Build.0 = Release|Any CPU
		{097C0B89-E3B2-4A60-99C2-9C9CFE59B3A1}.Release|x86.ActiveCfg = Release|Any CPU
		{097C0B89-E3B2-4A60-99C2-9C9CFE59B3A1}.Release|x86.Build.0 = Release|Any CPU
		{0652523A-6D75-4308-88DF-E68D3E8D875B}.Debug|Any CPU.ActiveCfg = Debug|Any CPU
		{0652523A-6D75-4308-88DF-E68D3E8D875B}.Debug|Any CPU.Build.0 = Debug|Any CPU
		{0652523A-6D75-4308-88DF-E68D3E8D875B}.Debug|x64.ActiveCfg = Debug|Any CPU
		{0652523A-6D75-4308-88DF-E68D3E8D875B}.Debug|x64.Build.0 = Debug|Any CPU
		{0652523A-6D75-4308-88DF-E68D3E8D875B}.Debug|x86.ActiveCfg = Debug|Any CPU
		{0652523A-6D75-4308-88DF-E68D3E8D875B}.Debug|x86.Build.0 = Debug|Any CPU
		{0652523A-6D75-4308-88DF-E68D3E8D875B}.Release|Any CPU.ActiveCfg = Release|Any CPU
		{0652523A-6D75-4308-88DF-E68D3E8D875B}.Release|Any CPU.Build.0 = Release|Any CPU
		{0652523A-6D75-4308-88DF-E68D3E8D875B}.Release|x64.ActiveCfg = Release|Any CPU
		{0652523A-6D75-4308-88DF-E68D3E8D875B}.Release|x64.Build.0 = Release|Any CPU
		{0652523A-6D75-4308-88DF-E68D3E8D875B}.Release|x86.ActiveCfg = Release|Any CPU
		{0652523A-6D75-4308-88DF-E68D3E8D875B}.Release|x86.Build.0 = Release|Any CPU
		{5F3227BF-9564-46C2-B6FC-E565B9DDCFB6}.Debug|Any CPU.ActiveCfg = Debug|Any CPU
		{5F3227BF-9564-46C2-B6FC-E565B9DDCFB6}.Debug|Any CPU.Build.0 = Debug|Any CPU
		{5F3227BF-9564-46C2-B6FC-E565B9DDCFB6}.Debug|x64.ActiveCfg = Debug|Any CPU
		{5F3227BF-9564-46C2-B6FC-E565B9DDCFB6}.Debug|x64.Build.0 = Debug|Any CPU
		{5F3227BF-9564-46C2-B6FC-E565B9DDCFB6}.Debug|x86.ActiveCfg = Debug|Any CPU
		{5F3227BF-9564-46C2-B6FC-E565B9DDCFB6}.Debug|x86.Build.0 = Debug|Any CPU
		{5F3227BF-9564-46C2-B6FC-E565B9DDCFB6}.Release|Any CPU.ActiveCfg = Release|Any CPU
		{5F3227BF-9564-46C2-B6FC-E565B9DDCFB6}.Release|Any CPU.Build.0 = Release|Any CPU
		{5F3227BF-9564-46C2-B6FC-E565B9DDCFB6}.Release|x64.ActiveCfg = Release|Any CPU
		{5F3227BF-9564-46C2-B6FC-E565B9DDCFB6}.Release|x64.Build.0 = Release|Any CPU
		{5F3227BF-9564-46C2-B6FC-E565B9DDCFB6}.Release|x86.ActiveCfg = Release|Any CPU
		{5F3227BF-9564-46C2-B6FC-E565B9DDCFB6}.Release|x86.Build.0 = Release|Any CPU
	EndGlobalSection
	GlobalSection(SolutionProperties) = preSolution
		HideSolutionNode = FALSE
	EndGlobalSection
	GlobalSection(ExtensibilityGlobals) = postSolution
		SolutionGuid = {47E54D3A-48AF-40A5-8364-BD4008623561}
	EndGlobalSection
EndGlobal
